{
  "version": 3,
  "targets": {
    ".NETStandard,Version=v2.1": {
      "LiteNetLib/1.2.0": {
        "type": "package",
        "compile": {
          "lib/netstandard2.1/LiteNetLib.dll": {
            "related": ".xml"
          }
        },
        "runtime": {
          "lib/netstandard2.1/LiteNetLib.dll": {
            "related": ".xml"
          }
        }
      },
      "Newtonsoft.Json/13.0.3": {
        "type": "package",
        "compile": {
          "lib/netstandard2.0/Newtonsoft.Json.dll": {
            "related": ".xml"
          }
        },
        "runtime": {
          "lib/netstandard2.0/Newtonsoft.Json.dll": {
            "related": ".xml"
          }
        }
      }
    }
  },
  "libraries": {
    "LiteNetLib/1.2.0": {
      "sha512": "N4pJ6Drzdt7M7Ok//J1YB1t2jBNQikKud3OEgllUwK2qcu6elLyvb+vgOy4WJy9xbyobYg7oav1g5vuoaDHLuw==",
      "type": "package",
      "path": "litenetlib/1.2.0",
      "files": [
        ".nupkg.metadata",
        ".signature.p7s",
        "LNL.png",
        "README.md",
        "lib/net471/LiteNetLib.dll",
        "lib/net471/LiteNetLib.xml",
        "lib/net5.0/LiteNetLib.dll",
        "lib/net5.0/LiteNetLib.xml",
        "lib/net6.0/LiteNetLib.dll",
        "lib/net6.0/LiteNetLib.xml",
        "lib/net7.0/LiteNetLib.dll",
        "lib/net7.0/LiteNetLib.xml",
        "lib/net8.0/LiteNetLib.dll",
        "lib/net8.0/LiteNetLib.xml",
        "lib/netcoreapp3.1/LiteNetLib.dll",
        "lib/netcoreapp3.1/LiteNetLib.xml",
        "lib/netstandard2.0/LiteNetLib.dll",
        "lib/netstandard2.0/LiteNetLib.xml",
        "lib/netstandard2.1/LiteNetLib.dll",
        "lib/netstandard2.1/LiteNetLib.xml",
        "litenetlib.1.2.0.nupkg.sha512",
        "litenetlib.nuspec"
      ]
    },
    "Newtonsoft.Json/13.0.3": {
      "sha512": "HrC5BXdl00IP9zeV+0Z848QWPAoCr9P3bDEZguI+gkLcBKAOxix/tLEAAHC+UvDNPv4a2d18lOReHMOagPa+zQ==",
      "type": "package",
      "path": "newtonsoft.json/13.0.3",
      "files": [
        ".nupkg.metadata",
        ".signature.p7s",
        "LICENSE.md",
        "README.md",
        "lib/net20/Newtonsoft.Json.dll",
        "lib/net20/Newtonsoft.Json.xml",
        "lib/net35/Newtonsoft.Json.dll",
        "lib/net35/Newtonsoft.Json.xml",
        "lib/net40/Newtonsoft.Json.dll",
        "lib/net40/Newtonsoft.Json.xml",
        "lib/net45/Newtonsoft.Json.dll",
        "lib/net45/Newtonsoft.Json.xml",
        "lib/net6.0/Newtonsoft.Json.dll",
        "lib/net6.0/Newtonsoft.Json.xml",
        "lib/netstandard1.0/Newtonsoft.Json.dll",
        "lib/netstandard1.0/Newtonsoft.Json.xml",
        "lib/netstandard1.3/Newtonsoft.Json.dll",
        "lib/netstandard1.3/Newtonsoft.Json.xml",
        "lib/netstandard2.0/Newtonsoft.Json.dll",
        "lib/netstandard2.0/Newtonsoft.Json.xml",
        "newtonsoft.json.13.0.3.nupkg.sha512",
        "newtonsoft.json.nuspec",
        "packageIcon.png"
      ]
    }
  },
  "projectFileDependencyGroups": {
    ".NETStandard,Version=v2.1": [
      "LiteNetLib >= 1.2.0",
      "Newtonsoft.Json >= 13.0.3"
    ]
  },
  "packageFolders": {
    "D:\\mods\\.nuget\\packages": {}
  },
  "project": {
    "version": "0.1.0",
    "restore": {
      "projectUniqueName": "D:\\mods\\CitiesRegional\\CitiesRegional.csproj",
      "projectName": "CitiesRegional",
      "projectPath": "D:\\mods\\CitiesRegional\\CitiesRegional.csproj",
      "packagesPath": "D:\\mods\\.nuget\\packages",
      "outputPath": "D:\\mods\\.tmp\\citiesregional_obj\\",
      "projectStyle": "PackageReference",
      "configFilePaths": [
        "D:\\mods\\NuGet.Config",
        "C:\\Users\\USER\\AppData\\Roaming\\NuGet\\NuGet.Config",
        "C:\\Program Files (x86)\\NuGet\\Config\\Microsoft.VisualStudio.Offline.config"
      ],
      "originalTargetFrameworks": [
        "netstandard2.1"
      ],
      "sources": {
        "C:\\Program Files\\dotnet\\library-packs": {},
        "https://api.nuget.org/v3/index.json": {},
        "https://nuget.bepinex.dev/v3/index.json": {}
      },
      "frameworks": {
        "netstandard2.1": {
          "targetAlias": "netstandard2.1",
          "projectReferences": {}
        }
      },
      "warningProperties": {
        "warnAsError": [
          "NU1605"
        ]
      },
      "restoreAuditProperties": {
        "enableAudit": "true",
        "auditLevel": "low",
        "auditMode": "direct"
      }
    },
    "frameworks": {
      "netstandard2.1": {
        "targetAlias": "netstandard2.1",
        "dependencies": {
          "LiteNetLib": {
            "target": "Package",
            "version": "[1.2.0, )"
          },
          "Newtonsoft.Json": {
            "target": "Package",
            "version": "[13.0.3, )"
          }
        },
        "imports": [
          "net461",
          "net462",
          "net47",
          "net471",
          "net472",
          "net48",
          "net481"
        ],
        "assetTargetFallback": true,
        "warn": true,
        "frameworkReferences": {
          "NETStandard.Library": {
            "privateAssets": "all"
          }
        },
        "runtimeIdentifierGraphPath": "C:\\Program Files\\dotnet\\sdk\\8.0.403\\RuntimeIdentifierGraph.json"
      }
    }
  }
}